// !$*UTF8*$!
{
	archiveVersion = 1;
	classes = {
	};
	objectVersion = 46;
	objects = {

/* Begin PBXBuildFile section */
		E81F77D819E162D30094009F /* LikeMatcher.cpp in Sources */ = {isa = PBXBuildFile; fileRef = E81F77D619E162D30094009F /* LikeMatcher.cpp */; };
		E81F77D919E162D30094009F /* LikeMatcher.hpp in Headers */ = {isa = PBXBuildFile; fileRef = E81F77D719E162D30094009F /* LikeMatcher.hpp */; };
		E833F50F19D4489400B003C0 /* AsyncPipe.hpp in Headers */ = {isa = PBXBuildFile; fileRef = E833F4FB19D4489400B003C0 /* AsyncPipe.hpp */; };
		E833F51019D4489400B003C0 /* Exceptions.cpp in Sources */ = {isa = PBXBuildFile; fileRef = E833F4FD19D4489400B003C0 /* Exceptions.cpp */; };
		E833F51119D4489400B003C0 /* Exceptions.hpp in Headers */ = {isa = PBXBuildFile; fileRef = E833F4FE19D4489400B003C0 /* Exceptions.hpp */; };
		E833F51219D4489400B003C0 /* Library.cpp in Sources */ = {isa = PBXBuildFile; fileRef = E833F4FF19D4489400B003C0 /* Library.cpp */; };
		E833F51319D4489400B003C0 /* Library.hpp in Headers */ = {isa = PBXBuildFile; fileRef = E833F50019D4489400B003C0 /* Library.hpp */; };
		E833F51419D4489400B003C0 /* Master.cpp in Sources */ = {isa = PBXBuildFile; fileRef = E833F50119D4489400B003C0 /* Master.cpp */; };
		E833F51519D4489400B003C0 /* Master.hpp in Headers */ = {isa = PBXBuildFile; fileRef = E833F50219D4489400B003C0 /* Master.hpp */; };
		E833F51619D4489400B003C0 /* MasterClient.cpp in Sources */ = {isa = PBXBuildFile; fileRef = E833F50319D4489400B003C0 /* MasterClient.cpp */; };
		E833F51719D4489400B003C0 /* MasterClient.hpp in Headers */ = {isa = PBXBuildFile; fileRef = E833F50419D4489400B003C0 /* MasterClient.hpp */; };
		E833F51819D4489400B003C0 /* MasterNode.cpp in Sources */ = {isa = PBXBuildFile; fileRef = E833F50519D4489400B003C0 /* MasterNode.cpp */; };
		E833F51919D4489400B003C0 /* MasterNode.hpp in Headers */ = {isa = PBXBuildFile; fileRef = E833F50619D4489400B003C0 /* MasterNode.hpp */; };
		E833F51A19D4489400B003C0 /* MasterNodeConnection.cpp in Sources */ = {isa = PBXBuildFile; fileRef = E833F50719D4489400B003C0 /* MasterNodeConnection.cpp */; };
		E833F51B19D4489400B003C0 /* MasterNodeConnection.hpp in Headers */ = {isa = PBXBuildFile; fileRef = E833F50819D4489400B003C0 /* MasterNodeConnection.hpp */; };
		E833F51C19D4489400B003C0 /* Packet.cpp in Sources */ = {isa = PBXBuildFile; fileRef = E833F50919D4489400B003C0 /* Packet.cpp */; };
		E833F51D19D4489400B003C0 /* Packet.hpp in Headers */ = {isa = PBXBuildFile; fileRef = E833F50A19D4489400B003C0 /* Packet.hpp */; };
		E833F51E19D4489400B003C0 /* Protocol.hpp in Headers */ = {isa = PBXBuildFile; fileRef = E833F50B19D4489400B003C0 /* Protocol.hpp */; };
		E833F51F19D4489400B003C0 /* Public.h in Headers */ = {isa = PBXBuildFile; fileRef = E833F50C19D4489400B003C0 /* Public.h */; };
		E833F52019D4489400B003C0 /* Utils.cpp in Sources */ = {isa = PBXBuildFile; fileRef = E833F50D19D4489400B003C0 /* Utils.cpp */; };
		E833F52119D4489400B003C0 /* Utils.hpp in Headers */ = {isa = PBXBuildFile; fileRef = E833F50E19D4489400B003C0 /* Utils.hpp */; };
		E833F53419D462D800B003C0 /* MasterNodeClientStream.cpp in Sources */ = {isa = PBXBuildFile; fileRef = E833F53219D462D800B003C0 /* MasterNodeClientStream.cpp */; };
		E833F53519D462D800B003C0 /* MasterNodeClientStream.hpp in Headers */ = {isa = PBXBuildFile; fileRef = E833F53319D462D800B003C0 /* MasterNodeClientStream.hpp */; };
		E833F53819D465D800B003C0 /* MasterVersionProvider.cpp in Sources */ = {isa = PBXBuildFile; fileRef = E833F53619D465D800B003C0 /* MasterVersionProvider.cpp */; };
		E833F53919D465D800B003C0 /* MasterVersionProvider.hpp in Headers */ = {isa = PBXBuildFile; fileRef = E833F53719D465D800B003C0 /* MasterVersionProvider.hpp */; };
		E833F53E19D4751700B003C0 /* libboost_system.dylib in Frameworks */ = {isa = PBXBuildFile; fileRef = E833F53C19D4751700B003C0 /* libboost_system.dylib */; };
		E833F53F19D4751700B003C0 /* libboost_thread.dylib in Frameworks */ = {isa = PBXBuildFile; fileRef = E833F53D19D4751700B003C0 /* libboost_thread.dylib */; };
		E833F54219D4758700B003C0 /* libcrypto.1.0.0.dylib in Frameworks */ = {isa = PBXBuildFile; fileRef = E833F54019D4758700B003C0 /* libcrypto.1.0.0.dylib */; };
		E833F54319D4758700B003C0 /* libssl.1.0.0.dylib in Frameworks */ = {isa = PBXBuildFile; fileRef = E833F54119D4758700B003C0 /* libssl.1.0.0.dylib */; };
		E833F54619D544FA00B003C0 /* Node.cpp in Sources */ = {isa = PBXBuildFile; fileRef = E833F54419D544FA00B003C0 /* Node.cpp */; };
		E833F54719D544FA00B003C0 /* Node.hpp in Headers */ = {isa = PBXBuildFile; fileRef = E833F54519D544FA00B003C0 /* Node.hpp */; };
		E833F54A19D54B0400B003C0 /* Logging.cpp in Sources */ = {isa = PBXBuildFile; fileRef = E833F54819D54B0400B003C0 /* Logging.cpp */; };
		E833F54B19D54B0400B003C0 /* Logging.hpp in Headers */ = {isa = PBXBuildFile; fileRef = E833F54919D54B0400B003C0 /* Logging.hpp */; };
		E833F54E19D550C500B003C0 /* libboost_log_setup.dylib in Frameworks */ = {isa = PBXBuildFile; fileRef = E833F54C19D550C500B003C0 /* libboost_log_setup.dylib */; };
		E833F54F19D550C500B003C0 /* libboost_log.dylib in Frameworks */ = {isa = PBXBuildFile; fileRef = E833F54D19D550C500B003C0 /* libboost_log.dylib */; };
		E833F55319D7045F00B003C0 /* libboost_filesystem.dylib in Frameworks */ = {isa = PBXBuildFile; fileRef = E833F55219D7045F00B003C0 /* libboost_filesystem.dylib */; };
		E833F55619D70F8500B003C0 /* NodeDomain.cpp in Sources */ = {isa = PBXBuildFile; fileRef = E833F55419D70F8500B003C0 /* NodeDomain.cpp */; };
		E833F55719D70F8500B003C0 /* NodeDomain.hpp in Headers */ = {isa = PBXBuildFile; fileRef = E833F55519D70F8500B003C0 /* NodeDomain.hpp */; };
		E833F55C19D7114000B003C0 /* NodeClient.cpp in Sources */ = {isa = PBXBuildFile; fileRef = E833F55A19D7114000B003C0 /* NodeClient.cpp */; };
		E833F55D19D7114000B003C0 /* NodeClient.hpp in Headers */ = {isa = PBXBuildFile; fileRef = E833F55B19D7114000B003C0 /* NodeClient.hpp */; };
		E875629719D9418B0047D1AE /* NodeVersionLoader.cpp in Sources */ = {isa = PBXBuildFile; fileRef = E875629519D9418B0047D1AE /* NodeVersionLoader.cpp */; };
		E875629819D9418B0047D1AE /* NodeVersionLoader.hpp in Headers */ = {isa = PBXBuildFile; fileRef = E875629619D9418B0047D1AE /* NodeVersionLoader.hpp */; };
/* End PBXBuildFile section */

/* Begin PBXFileReference section */
		E81F77D619E162D30094009F /* LikeMatcher.cpp */ = {isa = PBXFileReference; fileEncoding = 4; lastKnownFileType = sourcecode.cpp.cpp; path = LikeMatcher.cpp; sourceTree = "<group>"; };
		E81F77D719E162D30094009F /* LikeMatcher.hpp */ = {isa = PBXFileReference; fileEncoding = 4; lastKnownFileType = sourcecode.cpp.h; path = LikeMatcher.hpp; sourceTree = "<group>"; };
		E833F4F719D4488100B003C0 /* libMerlionServerCore.dylib */ = {isa = PBXFileReference; explicitFileType = "compiled.mach-o.dylib"; includeInIndex = 0; path = libMerlionServerCore.dylib; sourceTree = BUILT_PRODUCTS_DIR; };
		E833F4FB19D4489400B003C0 /* AsyncPipe.hpp */ = {isa = PBXFileReference; fileEncoding = 4; lastKnownFileType = sourcecode.cpp.h; path = AsyncPipe.hpp; sourceTree = "<group>"; };
		E833F4FC19D4489400B003C0 /* CMakeLists.txt */ = {isa = PBXFileReference; fileEncoding = 4; lastKnownFileType = text; path = CMakeLists.txt; sourceTree = "<group>"; };
		E833F4FD19D4489400B003C0 /* Exceptions.cpp */ = {isa = PBXFileReference; fileEncoding = 4; lastKnownFileType = sourcecode.cpp.cpp; path = Exceptions.cpp; sourceTree = "<group>"; };
		E833F4FE19D4489400B003C0 /* Exceptions.hpp */ = {isa = PBXFileReference; fileEncoding = 4; lastKnownFileType = sourcecode.cpp.h; path = Exceptions.hpp; sourceTree = "<group>"; };
		E833F4FF19D4489400B003C0 /* Library.cpp */ = {isa = PBXFileReference; fileEncoding = 4; lastKnownFileType = sourcecode.cpp.cpp; path = Library.cpp; sourceTree = "<group>"; };
		E833F50019D4489400B003C0 /* Library.hpp */ = {isa = PBXFileReference; fileEncoding = 4; lastKnownFileType = sourcecode.cpp.h; path = Library.hpp; sourceTree = "<group>"; };
		E833F50119D4489400B003C0 /* Master.cpp */ = {isa = PBXFileReference; fileEncoding = 4; lastKnownFileType = sourcecode.cpp.cpp; path = Master.cpp; sourceTree = "<group>"; };
		E833F50219D4489400B003C0 /* Master.hpp */ = {isa = PBXFileReference; fileEncoding = 4; lastKnownFileType = sourcecode.cpp.h; path = Master.hpp; sourceTree = "<group>"; };
		E833F50319D4489400B003C0 /* MasterClient.cpp */ = {isa = PBXFileReference; fileEncoding = 4; lastKnownFileType = sourcecode.cpp.cpp; path = MasterClient.cpp; sourceTree = "<group>"; };
		E833F50419D4489400B003C0 /* MasterClient.hpp */ = {isa = PBXFileReference; fileEncoding = 4; lastKnownFileType = sourcecode.cpp.h; path = MasterClient.hpp; sourceTree = "<group>"; };
		E833F50519D4489400B003C0 /* MasterNode.cpp */ = {isa = PBXFileReference; fileEncoding = 4; lastKnownFileType = sourcecode.cpp.cpp; path = MasterNode.cpp; sourceTree = "<group>"; };
		E833F50619D4489400B003C0 /* MasterNode.hpp */ = {isa = PBXFileReference; fileEncoding = 4; lastKnownFileType = sourcecode.cpp.h; path = MasterNode.hpp; sourceTree = "<group>"; };
		E833F50719D4489400B003C0 /* MasterNodeConnection.cpp */ = {isa = PBXFileReference; fileEncoding = 4; lastKnownFileType = sourcecode.cpp.cpp; path = MasterNodeConnection.cpp; sourceTree = "<group>"; };
		E833F50819D4489400B003C0 /* MasterNodeConnection.hpp */ = {isa = PBXFileReference; fileEncoding = 4; lastKnownFileType = sourcecode.cpp.h; path = MasterNodeConnection.hpp; sourceTree = "<group>"; };
		E833F50919D4489400B003C0 /* Packet.cpp */ = {isa = PBXFileReference; fileEncoding = 4; lastKnownFileType = sourcecode.cpp.cpp; path = Packet.cpp; sourceTree = "<group>"; };
		E833F50A19D4489400B003C0 /* Packet.hpp */ = {isa = PBXFileReference; fileEncoding = 4; lastKnownFileType = sourcecode.cpp.h; path = Packet.hpp; sourceTree = "<group>"; };
		E833F50B19D4489400B003C0 /* Protocol.hpp */ = {isa = PBXFileReference; fileEncoding = 4; lastKnownFileType = sourcecode.cpp.h; path = Protocol.hpp; sourceTree = "<group>"; };
		E833F50C19D4489400B003C0 /* Public.h */ = {isa = PBXFileReference; fileEncoding = 4; lastKnownFileType = sourcecode.c.h; path = Public.h; sourceTree = "<group>"; };
		E833F50D19D4489400B003C0 /* Utils.cpp */ = {isa = PBXFileReference; fileEncoding = 4; lastKnownFileType = sourcecode.cpp.cpp; path = Utils.cpp; sourceTree = "<group>"; };
		E833F50E19D4489400B003C0 /* Utils.hpp */ = {isa = PBXFileReference; fileEncoding = 4; lastKnownFileType = sourcecode.cpp.h; path = Utils.hpp; sourceTree = "<group>"; };
		E833F52219D448FC00B003C0 /* libssl.1.0.0.dylib */ = {isa = PBXFileReference; lastKnownFileType = "compiled.mach-o.dylib"; name = libssl.1.0.0.dylib; path = /opt/local/lib/libssl.1.0.0.dylib; sourceTree = "<absolute>"; };
		E833F52519D4495F00B003C0 /* libboost_regex-mt.dylib */ = {isa = PBXFileReference; lastKnownFileType = "compiled.mach-o.dylib"; name = "libboost_regex-mt.dylib"; path = "/opt/local/lib/libboost_regex-mt.dylib"; sourceTree = "<absolute>"; };
		E833F52619D4495F00B003C0 /* libboost_system-mt.dylib */ = {isa = PBXFileReference; lastKnownFileType = "compiled.mach-o.dylib"; name = "libboost_system-mt.dylib"; path = "/opt/local/lib/libboost_system-mt.dylib"; sourceTree = "<absolute>"; };
		E833F52719D4495F00B003C0 /* libboost_thread-mt.dylib */ = {isa = PBXFileReference; lastKnownFileType = "compiled.mach-o.dylib"; name = "libboost_thread-mt.dylib"; path = "/opt/local/lib/libboost_thread-mt.dylib"; sourceTree = "<absolute>"; };
		E833F52B19D4498100B003C0 /* libssl.dylib */ = {isa = PBXFileReference; lastKnownFileType = "compiled.mach-o.dylib"; name = libssl.dylib; path = usr/lib/libssl.dylib; sourceTree = SDKROOT; };
		E833F52D19D449ED00B003C0 /* libcrypto.dylib */ = {isa = PBXFileReference; lastKnownFileType = "compiled.mach-o.dylib"; name = libcrypto.dylib; path = usr/lib/libcrypto.dylib; sourceTree = SDKROOT; };
		E833F53019D44BBB00B003C0 /* Balancer.hpp */ = {isa = PBXFileReference; lastKnownFileType = sourcecode.cpp.h; path = Balancer.hpp; sourceTree = "<group>"; };
		E833F53119D44CD400B003C0 /* Prefix.pch */ = {isa = PBXFileReference; lastKnownFileType = sourcecode.c.h; path = Prefix.pch; sourceTree = "<group>"; };
		E833F53219D462D800B003C0 /* MasterNodeClientStream.cpp */ = {isa = PBXFileReference; fileEncoding = 4; lastKnownFileType = sourcecode.cpp.cpp; path = MasterNodeClientStream.cpp; sourceTree = "<group>"; };
		E833F53319D462D800B003C0 /* MasterNodeClientStream.hpp */ = {isa = PBXFileReference; fileEncoding = 4; lastKnownFileType = sourcecode.cpp.h; path = MasterNodeClientStream.hpp; sourceTree = "<group>"; };
		E833F53619D465D800B003C0 /* MasterVersionProvider.cpp */ = {isa = PBXFileReference; fileEncoding = 4; lastKnownFileType = sourcecode.cpp.cpp; path = MasterVersionProvider.cpp; sourceTree = "<group>"; };
		E833F53719D465D800B003C0 /* MasterVersionProvider.hpp */ = {isa = PBXFileReference; fileEncoding = 4; lastKnownFileType = sourcecode.cpp.h; path = MasterVersionProvider.hpp; sourceTree = "<group>"; };
		E833F53C19D4751700B003C0 /* libboost_system.dylib */ = {isa = PBXFileReference; lastKnownFileType = "compiled.mach-o.dylib"; name = libboost_system.dylib; path = "../../../../../usr/local/boost-1.56.0-i386/lib/libboost_system.dylib"; sourceTree = "<group>"; };
		E833F53D19D4751700B003C0 /* libboost_thread.dylib */ = {isa = PBXFileReference; lastKnownFileType = "compiled.mach-o.dylib"; name = libboost_thread.dylib; path = "../../../../../usr/local/boost-1.56.0-i386/lib/libboost_thread.dylib"; sourceTree = "<group>"; };
		E833F54019D4758700B003C0 /* libcrypto.1.0.0.dylib */ = {isa = PBXFileReference; lastKnownFileType = "compiled.mach-o.dylib"; name = libcrypto.1.0.0.dylib; path = ../../../../../Applications/Inkscape.app/Contents/Resources/lib/libcrypto.1.0.0.dylib; sourceTree = "<group>"; };
		E833F54119D4758700B003C0 /* libssl.1.0.0.dylib */ = {isa = PBXFileReference; lastKnownFileType = "compiled.mach-o.dylib"; name = libssl.1.0.0.dylib; path = ../../../../../Applications/Inkscape.app/Contents/Resources/lib/libssl.1.0.0.dylib; sourceTree = "<group>"; };
		E833F54419D544FA00B003C0 /* Node.cpp */ = {isa = PBXFileReference; fileEncoding = 4; lastKnownFileType = sourcecode.cpp.cpp; path = Node.cpp; sourceTree = "<group>"; };
		E833F54519D544FA00B003C0 /* Node.hpp */ = {isa = PBXFileReference; fileEncoding = 4; lastKnownFileType = sourcecode.cpp.h; path = Node.hpp; sourceTree = "<group>"; };
		E833F54819D54B0400B003C0 /* Logging.cpp */ = {isa = PBXFileReference; fileEncoding = 4; lastKnownFileType = sourcecode.cpp.cpp; path = Logging.cpp; sourceTree = "<group>"; };
		E833F54919D54B0400B003C0 /* Logging.hpp */ = {isa = PBXFileReference; fileEncoding = 4; lastKnownFileType = sourcecode.cpp.h; path = Logging.hpp; sourceTree = "<group>"; };
		E833F54C19D550C500B003C0 /* libboost_log_setup.dylib */ = {isa = PBXFileReference; lastKnownFileType = "compiled.mach-o.dylib"; name = libboost_log_setup.dylib; path = "../../../../../usr/local/boost-1.56.0-i386/lib/libboost_log_setup.dylib"; sourceTree = "<group>"; };
		E833F54D19D550C500B003C0 /* libboost_log.dylib */ = {isa = PBXFileReference; lastKnownFileType = "compiled.mach-o.dylib"; name = libboost_log.dylib; path = "../../../../../usr/local/boost-1.56.0-i386/lib/libboost_log.dylib"; sourceTree = "<group>"; };
		E833F55019D5511B00B003C0 /* libboost_iostreams.dylib */ = {isa = PBXFileReference; lastKnownFileType = "compiled.mach-o.dylib"; name = libboost_iostreams.dylib; path = "../../../../../usr/local/boost-1.56.0-i386/lib/libboost_iostreams.dylib"; sourceTree = "<group>"; };
		E833F55219D7045F00B003C0 /* libboost_filesystem.dylib */ = {isa = PBXFileReference; lastKnownFileType = "compiled.mach-o.dylib"; name = libboost_filesystem.dylib; path = "../../../../../usr/local/boost-1.56.0-i386/lib/libboost_filesystem.dylib"; sourceTree = "<group>"; };
		E833F55419D70F8500B003C0 /* NodeDomain.cpp */ = {isa = PBXFileReference; fileEncoding = 4; lastKnownFileType = sourcecode.cpp.cpp; path = NodeDomain.cpp; sourceTree = "<group>"; };
		E833F55519D70F8500B003C0 /* NodeDomain.hpp */ = {isa = PBXFileReference; fileEncoding = 4; lastKnownFileType = sourcecode.cpp.h; path = NodeDomain.hpp; sourceTree = "<group>"; };
		E833F55819D710B300B003C0 /* libboost_signals.dylib */ = {isa = PBXFileReference; lastKnownFileType = "compiled.mach-o.dylib"; name = libboost_signals.dylib; path = "../../../../../usr/local/boost-1.56.0-i386/lib/libboost_signals.dylib"; sourceTree = "<group>"; };
		E833F55A19D7114000B003C0 /* NodeClient.cpp */ = {isa = PBXFileReference; fileEncoding = 4; lastKnownFileType = sourcecode.cpp.cpp; path = NodeClient.cpp; sourceTree = "<group>"; };
		E833F55B19D7114000B003C0 /* NodeClient.hpp */ = {isa = PBXFileReference; fileEncoding = 4; lastKnownFileType = sourcecode.cpp.h; path = NodeClient.hpp; sourceTree = "<group>"; };
		E875629519D9418B0047D1AE /* NodeVersionLoader.cpp */ = {isa = PBXFileReference; fileEncoding = 4; lastKnownFileType = sourcecode.cpp.cpp; path = NodeVersionLoader.cpp; sourceTree = "<group>"; };
		E875629619D9418B0047D1AE /* NodeVersionLoader.hpp */ = {isa = PBXFileReference; fileEncoding = 4; lastKnownFileType = sourcecode.cpp.h; path = NodeVersionLoader.hpp; sourceTree = "<group>"; };
/* End PBXFileReference section */

/* Begin PBXFrameworksBuildPhase section */
		E833F4F419D4488100B003C0 /* Frameworks */ = {
			isa = PBXFrameworksBuildPhase;
			buildActionMask = 2147483647;
			files = (
				E833F55319D7045F00B003C0 /* libboost_filesystem.dylib in Frameworks */,
				E833F54E19D550C500B003C0 /* libboost_log_setup.dylib in Frameworks */,
				E833F54F19D550C500B003C0 /* libboost_log.dylib in Frameworks */,
				E833F54219D4758700B003C0 /* libcrypto.1.0.0.dylib in Frameworks */,
				E833F54319D4758700B003C0 /* libssl.1.0.0.dylib in Frameworks */,
				E833F53E19D4751700B003C0 /* libboost_system.dylib in Frameworks */,
				E833F53F19D4751700B003C0 /* libboost_thread.dylib in Frameworks */,
			);
			runOnlyForDeploymentPostprocessing = 0;
		};
/* End PBXFrameworksBuildPhase section */

/* Begin PBXGroup section */
		E833F4E019D4483700B003C0 = {
			isa = PBXGroup;
			children = (
				E833F55819D710B300B003C0 /* libboost_signals.dylib */,
				E833F55219D7045F00B003C0 /* libboost_filesystem.dylib */,
				E833F55019D5511B00B003C0 /* libboost_iostreams.dylib */,
				E833F54C19D550C500B003C0 /* libboost_log_setup.dylib */,
				E833F54D19D550C500B003C0 /* libboost_log.dylib */,
				E833F54019D4758700B003C0 /* libcrypto.1.0.0.dylib */,
				E833F54119D4758700B003C0 /* libssl.1.0.0.dylib */,
				E833F53C19D4751700B003C0 /* libboost_system.dylib */,
				E833F53D19D4751700B003C0 /* libboost_thread.dylib */,
				E833F52F19D44B6900B003C0 /* Libraries */,
				E833F4EB19D4483700B003C0 /* MerlionServerCore */,
				E833F4EA19D4483700B003C0 /* Products */,
			);
			sourceTree = "<group>";
		};
		E833F4EA19D4483700B003C0 /* Products */ = {
			isa = PBXGroup;
			children = (
				E833F4F719D4488100B003C0 /* libMerlionServerCore.dylib */,
			);
			name = Products;
			sourceTree = "<group>";
		};
		E833F4EB19D4483700B003C0 /* MerlionServerCore */ = {
			isa = PBXGroup;
			children = (
				E833F4FC19D4489400B003C0 /* CMakeLists.txt */,
				E833F4FD19D4489400B003C0 /* Exceptions.cpp */,
				E833F4FE19D4489400B003C0 /* Exceptions.hpp */,
				E833F4FF19D4489400B003C0 /* Library.cpp */,
				E833F50019D4489400B003C0 /* Library.hpp */,
				E833F50119D4489400B003C0 /* Master.cpp */,
				E833F50219D4489400B003C0 /* Master.hpp */,
				E833F50319D4489400B003C0 /* MasterClient.cpp */,
				E833F50419D4489400B003C0 /* MasterClient.hpp */,
				E833F50519D4489400B003C0 /* MasterNode.cpp */,
				E833F50619D4489400B003C0 /* MasterNode.hpp */,
				E833F50719D4489400B003C0 /* MasterNodeConnection.cpp */,
				E833F50819D4489400B003C0 /* MasterNodeConnection.hpp */,
				E833F53219D462D800B003C0 /* MasterNodeClientStream.cpp */,
				E833F53319D462D800B003C0 /* MasterNodeClientStream.hpp */,
				E833F53619D465D800B003C0 /* MasterVersionProvider.cpp */,
				E833F53719D465D800B003C0 /* MasterVersionProvider.hpp */,
				E833F54419D544FA00B003C0 /* Node.cpp */,
				E833F54519D544FA00B003C0 /* Node.hpp */,
				E833F55419D70F8500B003C0 /* NodeDomain.cpp */,
				E833F55519D70F8500B003C0 /* NodeDomain.hpp */,
				E833F55A19D7114000B003C0 /* NodeClient.cpp */,
				E833F55B19D7114000B003C0 /* NodeClient.hpp */,
				E875629519D9418B0047D1AE /* NodeVersionLoader.cpp */,
				E875629619D9418B0047D1AE /* NodeVersionLoader.hpp */,
				E833F54819D54B0400B003C0 /* Logging.cpp */,
				E833F54919D54B0400B003C0 /* Logging.hpp */,
				E833F50919D4489400B003C0 /* Packet.cpp */,
				E833F50A19D4489400B003C0 /* Packet.hpp */,
				E833F50D19D4489400B003C0 /* Utils.cpp */,
				E833F50E19D4489400B003C0 /* Utils.hpp */,
				E81F77D619E162D30094009F /* LikeMatcher.cpp */,
				E81F77D719E162D30094009F /* LikeMatcher.hpp */,
				E833F4FB19D4489400B003C0 /* AsyncPipe.hpp */,
				E833F50B19D4489400B003C0 /* Protocol.hpp */,
				E833F53119D44CD400B003C0 /* Prefix.pch */,
				E833F50C19D4489400B003C0 /* Public.h */,
				E833F53019D44BBB00B003C0 /* Balancer.hpp */,
			);
			path = MerlionServerCore;
			sourceTree = "<group>";
		};
		E833F52F19D44B6900B003C0 /* Libraries */ = {
			isa = PBXGroup;
			children = (
				E833F52D19D449ED00B003C0 /* libcrypto.dylib */,
				E833F52B19D4498100B003C0 /* libssl.dylib */,
				E833F52519D4495F00B003C0 /* libboost_regex-mt.dylib */,
				E833F52619D4495F00B003C0 /* libboost_system-mt.dylib */,
				E833F52719D4495F00B003C0 /* libboost_thread-mt.dylib */,
				E833F52219D448FC00B003C0 /* libssl.1.0.0.dylib */,
			);
			name = Libraries;
			sourceTree = "<group>";
		};
/* End PBXGroup section */

/* Begin PBXHeadersBuildPhase section */
		E833F4F519D4488100B003C0 /* Headers */ = {
			isa = PBXHeadersBuildPhase;
			buildActionMask = 2147483647;
			files = (
				E833F55719D70F8500B003C0 /* NodeDomain.hpp in Headers */,
				E833F51D19D4489400B003C0 /* Packet.hpp in Headers */,
				E875629819D9418B0047D1AE /* NodeVersionLoader.hpp in Headers */,
				E833F51919D4489400B003C0 /* MasterNode.hpp in Headers */,
				E833F51E19D4489400B003C0 /* Protocol.hpp in Headers */,
				E833F51F19D4489400B003C0 /* Public.h in Headers */,
				E833F51B19D4489400B003C0 /* MasterNodeConnection.hpp in Headers */,
				E833F55D19D7114000B003C0 /* NodeClient.hpp in Headers */,
				E833F54B19D54B0400B003C0 /* Logging.hpp in Headers */,
				E833F51719D4489400B003C0 /* MasterClient.hpp in Headers */,
				E833F54719D544FA00B003C0 /* Node.hpp in Headers */,
				E81F77D919E162D30094009F /* LikeMatcher.hpp in Headers */,
				E833F51519D4489400B003C0 /* Master.hpp in Headers */,
				E833F53519D462D800B003C0 /* MasterNodeClientStream.hpp in Headers */,
				E833F52119D4489400B003C0 /* Utils.hpp in Headers */,
				E833F51119D4489400B003C0 /* Exceptions.hpp in Headers */,
				E833F51319D4489400B003C0 /* Library.hpp in Headers */,
				E833F50F19D4489400B003C0 /* AsyncPipe.hpp in Headers */,
				E833F53919D465D800B003C0 /* MasterVersionProvider.hpp in Headers */,
			);
			runOnlyForDeploymentPostprocessing = 0;
		};
/* End PBXHeadersBuildPhase section */

/* Begin PBXNativeTarget section */
		E833F4F619D4488100B003C0 /* MerlionServerCore */ = {
			isa = PBXNativeTarget;
			buildConfigurationList = E833F4F819D4488100B003C0 /* Build configuration list for PBXNativeTarget "MerlionServerCore" */;
			buildPhases = (
				E833F4F319D4488100B003C0 /* Sources */,
				E833F4F419D4488100B003C0 /* Frameworks */,
				E833F4F519D4488100B003C0 /* Headers */,
			);
			buildRules = (
			);
			dependencies = (
			);
			name = MerlionServerCore;
			productName = MerlionServerCore;
			productReference = E833F4F719D4488100B003C0 /* libMerlionServerCore.dylib */;
			productType = "com.apple.product-type.library.dynamic";
		};
/* End PBXNativeTarget section */

/* Begin PBXProject section */
		E833F4E119D4483700B003C0 /* Project object */ = {
			isa = PBXProject;
			attributes = {
				LastUpgradeCheck = 0600;
				ORGANIZATIONNAME = yvt.jp;
				TargetAttributes = {
					E833F4F619D4488100B003C0 = {
						CreatedOnToolsVersion = 6.0.1;
					};
				};
			};
			buildConfigurationList = E833F4E419D4483700B003C0 /* Build configuration list for PBXProject "MerlionServerCore" */;
			compatibilityVersion = "Xcode 3.2";
			developmentRegion = English;
			hasScannedForEncodings = 0;
			knownRegions = (
				en,
			);
			mainGroup = E833F4E019D4483700B003C0;
			productRefGroup = E833F4EA19D4483700B003C0 /* Products */;
			projectDirPath = "";
			projectRoot = "";
			targets = (
				E833F4F619D4488100B003C0 /* MerlionServerCore */,
			);
		};
/* End PBXProject section */

/* Begin PBXSourcesBuildPhase section */
		E833F4F319D4488100B003C0 /* Sources */ = {
			isa = PBXSourcesBuildPhase;
			buildActionMask = 2147483647;
			files = (
				E833F53419D462D800B003C0 /* MasterNodeClientStream.cpp in Sources */,
				E833F51619D4489400B003C0 /* MasterClient.cpp in Sources */,
				E875629719D9418B0047D1AE /* NodeVersionLoader.cpp in Sources */,
				E833F51A19D4489400B003C0 /* MasterNodeConnection.cpp in Sources */,
				E833F55619D70F8500B003C0 /* NodeDomain.cpp in Sources */,
				E833F55C19D7114000B003C0 /* NodeClient.cpp in Sources */,
				E833F53819D465D800B003C0 /* MasterVersionProvider.cpp in Sources */,
				E833F54619D544FA00B003C0 /* Node.cpp in Sources */,
				E833F51019D4489400B003C0 /* Exceptions.cpp in Sources */,
				E81F77D819E162D30094009F /* LikeMatcher.cpp in Sources */,
				E833F52019D4489400B003C0 /* Utils.cpp in Sources */,
				E833F54A19D54B0400B003C0 /* Logging.cpp in Sources */,
				E833F51219D4489400B003C0 /* Library.cpp in Sources */,
				E833F51419D4489400B003C0 /* Master.cpp in Sources */,
				E833F51819D4489400B003C0 /* MasterNode.cpp in Sources */,
				E833F51C19D4489400B003C0 /* Packet.cpp in Sources */,
			);
			runOnlyForDeploymentPostprocessing = 0;
		};
/* End PBXSourcesBuildPhase section */

/* Begin XCBuildConfiguration section */
		E833F4EE19D4483700B003C0 /* Debug */ = {
			isa = XCBuildConfiguration;
			buildSettings = {
				ALWAYS_SEARCH_USER_PATHS = NO;
				ARCHS = "$(ARCHS_STANDARD_32_BIT)";
				CLANG_CXX_LANGUAGE_STANDARD = "gnu++0x";
				CLANG_CXX_LIBRARY = "libc++";
				CLANG_ENABLE_MODULES = YES;
				CLANG_ENABLE_OBJC_ARC = YES;
				CLANG_WARN_BOOL_CONVERSION = YES;
				CLANG_WARN_CONSTANT_CONVERSION = YES;
				CLANG_WARN_DIRECT_OBJC_ISA_USAGE = YES_ERROR;
				CLANG_WARN_EMPTY_BODY = YES;
				CLANG_WARN_ENUM_CONVERSION = YES;
				CLANG_WARN_INT_CONVERSION = YES;
				CLANG_WARN_OBJC_ROOT_CLASS = YES_ERROR;
				CLANG_WARN_UNREACHABLE_CODE = YES;
				CLANG_WARN__DUPLICATE_METHOD_MATCH = YES;
				COPY_PHASE_STRIP = NO;
				ENABLE_STRICT_OBJC_MSGSEND = YES;
				GCC_C_LANGUAGE_STANDARD = gnu99;
				GCC_DYNAMIC_NO_PIC = NO;
				GCC_INCREASE_PRECOMPILED_HEADER_SHARING = YES;
				GCC_OPTIMIZATION_LEVEL = 0;
				GCC_PRECOMPILE_PREFIX_HEADER = YES;
				GCC_PREFIX_HEADER = MerlionServerCore/Prefix.pch;
				GCC_PREPROCESSOR_DEFINITIONS = (
					"DEBUG=1",
					"$(inherited)",
				);
				GCC_SYMBOLS_PRIVATE_EXTERN = NO;
				GCC_WARN_64_TO_32_BIT_CONVERSION = YES;
				GCC_WARN_ABOUT_RETURN_TYPE = YES_ERROR;
				GCC_WARN_UNDECLARED_SELECTOR = YES;
				GCC_WARN_UNINITIALIZED_AUTOS = YES_AGGRESSIVE;
				GCC_WARN_UNUSED_FUNCTION = YES;
				GCC_WARN_UNUSED_VARIABLE = YES;
				HEADER_SEARCH_PATHS = (
					"$(inherited)",
					/Applications/Xcode.app/Contents/Developer/Toolchains/XcodeDefault.xctoolchain/usr/include,
					"/usr/local/boost-1.56.0-i386/include",
				);
				LIBRARY_SEARCH_PATHS = (
					"/usr/local/boost-1.56.0-i386/lib",
					/Applications/Origin.app/Contents/Frameworks/,
				);
				MACOSX_DEPLOYMENT_TARGET = 10.9;
				MTL_ENABLE_DEBUG_INFO = YES;
				ONLY_ACTIVE_ARCH = YES;
				SDKROOT = macosx;
			};
			name = Debug;
		};
		E833F4EF19D4483700B003C0 /* Release */ = {
			isa = XCBuildConfiguration;
			buildSettings = {
				ALWAYS_SEARCH_USER_PATHS = NO;
				ARCHS = "$(ARCHS_STANDARD_32_BIT)";
				CLANG_CXX_LANGUAGE_STANDARD = "gnu++0x";
				CLANG_CXX_LIBRARY = "libc++";
				CLANG_ENABLE_MODULES = YES;
				CLANG_ENABLE_OBJC_ARC = YES;
				CLANG_WARN_BOOL_CONVERSION = YES;
				CLANG_WARN_CONSTANT_CONVERSION = YES;
				CLANG_WARN_DIRECT_OBJC_ISA_USAGE = YES_ERROR;
				CLANG_WARN_EMPTY_BODY = YES;
				CLANG_WARN_ENUM_CONVERSION = YES;
				CLANG_WARN_INT_CONVERSION = YES;
				CLANG_WARN_OBJC_ROOT_CLASS = YES_ERROR;
				CLANG_WARN_UNREACHABLE_CODE = YES;
				CLANG_WARN__DUPLICATE_METHOD_MATCH = YES;
				COPY_PHASE_STRIP = YES;
				DEBUG_INFORMATION_FORMAT = "dwarf-with-dsym";
				ENABLE_NS_ASSERTIONS = NO;
				ENABLE_STRICT_OBJC_MSGSEND = YES;
				GCC_C_LANGUAGE_STANDARD = gnu99;
				GCC_INCREASE_PRECOMPILED_HEADER_SHARING = YES;
				GCC_PRECOMPILE_PREFIX_HEADER = YES;
				GCC_PREFIX_HEADER = MerlionServerCore/Prefix.pch;
				GCC_WARN_64_TO_32_BIT_CONVERSION = YES;
				GCC_WARN_ABOUT_RETURN_TYPE = YES_ERROR;
				GCC_WARN_UNDECLARED_SELECTOR = YES;
				GCC_WARN_UNINITIALIZED_AUTOS = YES_AGGRESSIVE;
				GCC_WARN_UNUSED_FUNCTION = YES;
				GCC_WARN_UNUSED_VARIABLE = YES;
				HEADER_SEARCH_PATHS = (
					"$(inherited)",
					/Applications/Xcode.app/Contents/Developer/Toolchains/XcodeDefault.xctoolchain/usr/include,
					"/usr/local/boost-1.56.0-i386/include",
				);
				LIBRARY_SEARCH_PATHS = (
					"/usr/local/boost-1.56.0-i386/lib",
					/Applications/Origin.app/Contents/Frameworks/,
				);
				MACOSX_DEPLOYMENT_TARGET = 10.9;
				MTL_ENABLE_DEBUG_INFO = NO;
				SDKROOT = macosx;
			};
			name = Release;
		};
		E833F4F919D4488100B003C0 /* Debug */ = {
			isa = XCBuildConfiguration;
			buildSettings = {
				DYLIB_COMPATIBILITY_VERSION = 1;
				DYLIB_CURRENT_VERSION = 1;
				EXECUTABLE_PREFIX = lib;
				GCC_PREPROCESSOR_DEFINITIONS = (
					"DEBUG=1",
					"$(inherited)",
				);
				LD_RUNPATH_SEARCH_PATHS = "/Applications/Origin.app/Contents/Frameworks /usr/local/boost-1.56.0-i386/lib";
				LIBRARY_SEARCH_PATHS = (
					"$(inherited)",
					"/usr/local/boost-1.56.0-i386/lib",
				);
				PRODUCT_NAME = "$(TARGET_NAME)";
			};
			name = Debug;
		};
		E833F4FA19D4488100B003C0 /* Release */ = {
			isa = XCBuildConfiguration;
			buildSettings = {
				DYLIB_COMPATIBILITY_VERSION = 1;
				DYLIB_CURRENT_VERSION = 1;
				EXECUTABLE_PREFIX = lib;
				LD_RUNPATH_SEARCH_PATHS = "/Applications/Origin.app/Contents/Frameworks /usr/local/boost-1.56.0-i386/lib";
				LIBRARY_SEARCH_PATHS = (
					"$(inherited)",
					"/usr/local/boost-1.56.0-i386/lib",
				);
				PRODUCT_NAME = "$(TARGET_NAME)";
			};
			name = Release;
		};
/* End XCBuildConfiguration section */

/* Begin XCConfigurationList section */
		E833F4E419D4483700B003C0 /* Build configuration list for PBXProject "MerlionServerCore" */ = {
			isa = XCConfigurationList;
			buildConfigurations = (
				E833F4EE19D4483700B003C0 /* Debug */,
				E833F4EF19D4483700B003C0 /* Release */,
			);
			defaultConfigurationIsVisible = 0;
			defaultConfigurationName = Release;
		};
		E833F4F819D4488100B003C0 /* Build configuration list for PBXNativeTarget "MerlionServerCore" */ = {
			isa = XCConfigurationList;
			buildConfigurations = (
				E833F4F919D4488100B003C0 /* Debug */,
				E833F4FA19D4488100B003C0 /* Release */,
			);
			defaultConfigurationIsVisible = 0;
			defaultConfigurationName = Release;
		};
/* End XCConfigurationList section */
	};
	rootObject = E833F4E119D4483700B003C0 /* Project object */;
}
